
Microsoft Visual Studio Solution File, Format Version 12.00
# Visual Studio Version 17
VisualStudioVersion = 17.2.32516.85
MinimumVisualStudioVersion = 10.0.40219.1
Project("{FAE04EC0-301F-11D3-BF4B-00C04F79EFBC}") = "MU", "MU\MU.csproj", "{E63ADA9F-6EF7-4C5F-8BA9-EE7E518F47F3}"
EndProject
Project("{FAE04EC0-301F-11D3-BF4B-00C04F79EFBC}") = "WinIoTCoreListener.Lib", "WinIoTCoreListener.Lib\WinIoTCoreListener.Lib.csproj", "{DFD64F37-BBA6-47F4-BC46-077E6EB20D41}"
EndProject
Global
	GlobalSection(SolutionConfigurationPlatforms) = preSolution
		Debug|Any CPU = Debug|Any CPU
		Debug|ARM = Debug|ARM
		Debug|x64 = Debug|x64
		Debug|x86 = Debug|x86
		Release|Any CPU = Release|Any CPU
		Release|ARM = Release|ARM
		Release|x64 = Release|x64
		Release|x86 = Release|x86
	EndGlobalSection
	GlobalSection(ProjectConfigurationPlatforms) = postSolution
		{E63ADA9F-6EF7-4C5F-8BA9-EE7E518F47F3}.Debug|Any CPU.ActiveCfg = Debug|x86
		{E63ADA9F-6EF7-4C5F-8BA9-EE7E518F47F3}.Debug|ARM.ActiveCfg = Debug|ARM
		{E63ADA9F-6EF7-4C5F-8BA9-EE7E518F47F3}.Debug|ARM.Build.0 = Debug|ARM
		{E63ADA9F-6EF7-4C5F-8BA9-EE7E518F47F3}.Debug|ARM.Deploy.0 = Debug|ARM
		{E63ADA9F-6EF7-4C5F-8BA9-EE7E518F47F3}.Debug|x64.ActiveCfg = Debug|x64
		{E63ADA9F-6EF7-4C5F-8BA9-EE7E518F47F3}.Debug|x64.Build.0 = Debug|x64
		{E63ADA9F-6EF7-4C5F-8BA9-EE7E518F47F3}.Debug|x64.Deploy.0 = Debug|x64
		{E63ADA9F-6EF7-4C5F-8BA9-EE7E518F47F3}.Debug|x86.ActiveCfg = Debug|x86
		{E63ADA9F-6EF7-4C5F-8BA9-EE7E518F47F3}.Debug|x86.Build.0 = Debug|x86
		{E63ADA9F-6EF7-4C5F-8BA9-EE7E518F47F3}.Debug|x86.Deploy.0 = Debug|x86
		{E63ADA9F-6EF7-4C5F-8BA9-EE7E518F47F3}.Release|Any CPU.ActiveCfg = Release|x86
		{E63ADA9F-6EF7-4C5F-8BA9-EE7E518F47F3}.Release|ARM.ActiveCfg = Release|ARM
		{E63ADA9F-6EF7-4C5F-8BA9-EE7E518F47F3}.Release|ARM.Build.0 = Release|ARM
		{E63ADA9F-6EF7-4C5F-8BA9-EE7E518F47F3}.Release|ARM.Deploy.0 = Release|ARM
		{E63ADA9F-6EF7-4C5F-8BA9-EE7E518F47F3}.Release|x64.ActiveCfg = Release|x64
		{E63ADA9F-6EF7-4C5F-8BA9-EE7E518F47F3}.Release|x64.Build.0 = Release|x64
		{E63ADA9F-6EF7-4C5F-8BA9-EE7E518F47F3}.Release|x64.Deploy.0 = Release|x64
		{E63ADA9F-6EF7-4C5F-8BA9-EE7E518F47F3}.Release|x86.ActiveCfg = Release|x86
		{E63ADA9F-6EF7-4C5F-8BA9-EE7E518F47F3}.Release|x86.Build.0 = Release|x86
		{E63ADA9F-6EF7-4C5F-8BA9-EE7E518F47F3}.Release|x86.Deploy.0 = Release|x86
		{DFD64F37-BBA6-47F4-BC46-077E6EB20D41}.Debug|Any CPU.ActiveCfg = Debug|Any CPU
		{DFD64F37-BBA6-47F4-BC46-077E6EB20D41}.Debug|Any CPU.Build.0 = Debug|Any CPU
		{DFD64F37-BBA6-47F4-BC46-077E6EB20D41}.Debug|ARM.ActiveCfg = Debug|Any CPU
		{DFD64F37-BBA6-47F4-BC46-077E6EB20D41}.Debug|ARM.Build.0 = Debug|Any CPU
		{DFD64F37-BBA6-47F4-BC46-077E6EB20D41}.Debug|x64.ActiveCfg = Debug|Any CPU
		{DFD64F37-BBA6-47F4-BC46-077E6EB20D41}.Debug|x64.Build.0 = Debug|Any CPU
		{DFD64F37-BBA6-47F4-BC46-077E6EB20D41}.Debug|x86.ActiveCfg = Debug|Any CPU
		{DFD64F37-BBA6-47F4-BC46-077E6EB20D41}.Debug|x86.Build.0 = Debug|Any CPU
		{DFD64F37-BBA6-47F4-BC46-077E6EB20D41}.Release|Any CPU.ActiveCfg = Release|Any CPU
		{DFD64F37-BBA6-47F4-BC46-077E6EB20D41}.Release|Any CPU.Build.0 = Release|Any CPU
		{DFD64F37-BBA6-47F4-BC46-077E6EB20D41}.Release|ARM.ActiveCfg = Release|Any CPU
		{DFD64F37-BBA6-47F4-BC46-077E6EB20D41}.Release|ARM.Build.0 = Release|Any CPU
		{DFD64F37-BBA6-47F4-BC46-077E6EB20D41}.Release|x64.ActiveCfg = Release|Any CPU
		{DFD64F37-BBA6-47F4-BC46-077E6EB20D41}.Release|x64.Build.0 = Release|Any CPU
		{DFD64F37-BBA6-47F4-BC46-077E6EB20D41}.Release|x86.ActiveCfg = Release|Any CPU
		{DFD64F37-BBA6-47F4-BC46-077E6EB20D41}.Release|x86.Build.0 = Release|Any CPU
	EndGlobalSection
	GlobalSection(SolutionProperties) = preSolution
		HideSolutionNode = FALSE
	EndGlobalSection
	GlobalSection(ExtensibilityGlobals) = postSolution
		SolutionGuid = {C7B51666-35FD-479B-A444-820FA48CAF0F}
	EndGlobalSection
EndGlobal
